
Microsoft Visual Studio Solution File, Format Version 12.00
# Visual Studio 14
VisualStudioVersion = 14.0.25420.1
MinimumVisualStudioVersion = 10.0.40219.1
Project("{FAE04EC0-301F-11D3-BF4B-00C04F79EFBC}") = "01_MaxSequenceEqualElements", "01_MaxSequenceEqualElements\01_MaxSequenceEqualElements.csproj", "{3EC883C5-5CA6-44FD-BBB1-65F14D3D797B}"
EndProject
Global
	GlobalSection(SolutionConfigurationPlatforms) = preSolution
		Debug|Any CPU = Debug|Any CPU
		Release|Any CPU = Release|Any CPU
	EndGlobalSection
	GlobalSection(ProjectConfigurationPlatforms) = postSolution
		{3EC883C5-5CA6-44FD-BBB1-65F14D3D797B}.Debug|Any CPU.ActiveCfg = Debug|Any CPU
		{3EC883C5-5CA6-44FD-BBB1-65F14D3D797B}.Debug|Any CPU.Build.0 = Debug|Any CPU
		{3EC883C5-5CA6-44FD-BBB1-65F14D3D797B}.Release|Any CPU.ActiveCfg = Release|Any CPU
		{3EC883C5-5CA6-44FD-BBB1-65F14D3D797B}.Release|Any CPU.Build.0 = Release|Any CPU
	EndGlobalSection
	GlobalSection(SolutionProperties) = preSolution
		HideSolutionNode = FALSE
	EndGlobalSection
EndGlobal
